
Microsoft Visual Studio Solution File, Format Version 12.00
# Visual Studio 15
VisualStudioVersion = 15.0.26228.4
MinimumVisualStudioVersion = 10.0.40219.1
Project("{FAE04EC0-301F-11D3-BF4B-00C04F79EFBC}") = "CourtService", "CourtService\CourtService.csproj", "{CE6152B7-6E8C-4039-9272-CBEF704E3CF8}"
EndProject
Project("{FAE04EC0-301F-11D3-BF4B-00C04F79EFBC}") = "CourtHost", "CourtHost\CourtHost.csproj", "{1C9842AB-43C0-4A8D-AFC6-482F7A7132A7}"
	ProjectSection(ProjectDependencies) = postProject
		{CE6152B7-6E8C-4039-9272-CBEF704E3CF8} = {CE6152B7-6E8C-4039-9272-CBEF704E3CF8}
	EndProjectSection
EndProject
Global
	GlobalSection(SolutionConfigurationPlatforms) = preSolution
		Debug|Any CPU = Debug|Any CPU
		Release|Any CPU = Release|Any CPU
	EndGlobalSection
	GlobalSection(ProjectConfigurationPlatforms) = postSolution
		{CE6152B7-6E8C-4039-9272-CBEF704E3CF8}.Debug|Any CPU.ActiveCfg = Debug|Any CPU
		{CE6152B7-6E8C-4039-9272-CBEF704E3CF8}.Debug|Any CPU.Build.0 = Debug|Any CPU
		{CE6152B7-6E8C-4039-9272-CBEF704E3CF8}.Release|Any CPU.ActiveCfg = Release|Any CPU
		{CE6152B7-6E8C-4039-9272-CBEF704E3CF8}.Release|Any CPU.Build.0 = Release|Any CPU
		{1C9842AB-43C0-4A8D-AFC6-482F7A7132A7}.Debug|Any CPU.ActiveCfg = Debug|Any CPU
		{1C9842AB-43C0-4A8D-AFC6-482F7A7132A7}.Debug|Any CPU.Build.0 = Debug|Any CPU
		{1C9842AB-43C0-4A8D-AFC6-482F7A7132A7}.Release|Any CPU.ActiveCfg = Release|Any CPU
		{1C9842AB-43C0-4A8D-AFC6-482F7A7132A7}.Release|Any CPU.Build.0 = Release|Any CPU
	EndGlobalSection
	GlobalSection(SolutionProperties) = preSolution
		HideSolutionNode = FALSE
	EndGlobalSection
EndGlobal
